
Microsoft Visual Studio Solution File, Format Version 12.00
# Visual Studio 2013
VisualStudioVersion = 12.0.21005.1
MinimumVisualStudioVersion = 10.0.40219.1
Project("{8BC9CEB8-8B4A-11D0-8D11-00A0C91BC942}") = "01_macierze_sekwencyjnie", "matrix\matrix.vcxproj", "{E958D49D-1CA3-48F4-A4D4-44BECD05F521}"
EndProject
Project("{8BC9CEB8-8B4A-11D0-8D11-00A0C91BC942}") = "02_macierze_rownolegle", "matrix2\matrix2.vcxproj", "{927A4A8A-BF1C-48A4-99E0-21C7D405830E}"
EndProject
Project("{8BC9CEB8-8B4A-11D0-8D11-00A0C91BC942}") = "03_macierze_rownolegle_powinowactwo", "03_macierze_rownolegle_powinowactwo\03_macierze_rownolegle_powinowactwo.vcxproj", "{CB364583-635C-4153-B73C-CDD6F59530A0}"
EndProject
Project("{8BC9CEB8-8B4A-11D0-8D11-00A0C91BC942}") = "04_macierze_rownolegle_powinowactwo_dynamiczne", "04_macierze_rownolegle_powinowactwo_dynamiczne\04_macierze_rownolegle_powinowactwo_dynamiczne.vcxproj", "{7192CC62-E6BF-4B94-A3FC-1F7F554773B2}"
EndProject
Project("{8BC9CEB8-8B4A-11D0-8D11-00A0C91BC942}") = "05_macierze_rownolegle_powinowactwo_kierowane", "05_macierze_rownolegle_powinowactwo_kierowane\05_macierze_rownolegle_powinowactwo_kierowane.vcxproj", "{BC61C5D4-7FE0-47B3-8624-EEA7A3E9B306}"
EndProject
Project("{8BC9CEB8-8B4A-11D0-8D11-00A0C91BC942}") = "06_macierze_sekwencyjnie_IJK6", "06_macierze_sekwencyjnie_IJK6\06_macierze_sekwencyjnie_IJK6.vcxproj", "{28763357-EBF1-4C03-AA51-57191EACD04D}"
EndProject
Project("{8BC9CEB8-8B4A-11D0-8D11-00A0C91BC942}") = "07_macierze_rownolegle_IJK6", "07_macierze_rownolegle_IJK6\07_macierze_rownolegle_IJK6.vcxproj", "{AC29545F-5741-470C-9D33-6AEDDABA1F94}"
EndProject
Project("{8BC9CEB8-8B4A-11D0-8D11-00A0C91BC942}") = "08_macierze_rownolegle_powinowactwo_IJK6", "08_macierze_ronolegle_powinowactwo_IJK6\08_macierze_ronolegle_powinowactwo_IJK6.vcxproj", "{CE49FF08-CBA6-48F0-B5A8-6E0EC602D9D8}"
EndProject
Project("{8BC9CEB8-8B4A-11D0-8D11-00A0C91BC942}") = "09_macierze_rownolegle_powinowactwo_dynamiczne_IJK6", "09_macierze_wonolegle_powinowactwo_dynamiczne_IJK6\09_macierze_wonolegle_powinowactwo_dynamiczne_IJK6.vcxproj", "{66146F55-2852-4F62-A86B-5E67371E13C0}"
EndProject
Project("{8BC9CEB8-8B4A-11D0-8D11-00A0C91BC942}") = "10_macierze_rownolegle_powinowactwo_kierowane_IJK6", "10_macierze_rownolegle_powinowactwo_kierowane_IJK6\10_macierze_rownolegle_powinowactwo_kierowane_IJK6.vcxproj", "{A01EC6A8-AC41-4B42-888C-D90CB846D9F0}"
EndProject
Global
	GlobalSection(SolutionConfigurationPlatforms) = preSolution
		Debug|Mixed Platforms = Debug|Mixed Platforms
		Debug|Win32 = Debug|Win32
		Debug|x64 = Debug|x64
		Debug|x86 = Debug|x86
		Release|Mixed Platforms = Release|Mixed Platforms
		Release|Win32 = Release|Win32
		Release|x64 = Release|x64
		Release|x86 = Release|x86
	EndGlobalSection
	GlobalSection(ProjectConfigurationPlatforms) = postSolution
		{E958D49D-1CA3-48F4-A4D4-44BECD05F521}.Debug|Mixed Platforms.ActiveCfg = Debug|Win32
		{E958D49D-1CA3-48F4-A4D4-44BECD05F521}.Debug|Mixed Platforms.Build.0 = Debug|Win32
		{E958D49D-1CA3-48F4-A4D4-44BECD05F521}.Debug|Win32.ActiveCfg = Debug|Win32
		{E958D49D-1CA3-48F4-A4D4-44BECD05F521}.Debug|Win32.Build.0 = Debug|Win32
		{E958D49D-1CA3-48F4-A4D4-44BECD05F521}.Debug|x64.ActiveCfg = Debug|x64
		{E958D49D-1CA3-48F4-A4D4-44BECD05F521}.Debug|x64.Build.0 = Debug|x64
		{E958D49D-1CA3-48F4-A4D4-44BECD05F521}.Debug|x86.ActiveCfg = Debug|Win32
		{E958D49D-1CA3-48F4-A4D4-44BECD05F521}.Debug|x86.Build.0 = Debug|Win32
		{E958D49D-1CA3-48F4-A4D4-44BECD05F521}.Release|Mixed Platforms.ActiveCfg = Release|Win32
		{E958D49D-1CA3-48F4-A4D4-44BECD05F521}.Release|Mixed Platforms.Build.0 = Release|Win32
		{E958D49D-1CA3-48F4-A4D4-44BECD05F521}.Release|Win32.ActiveCfg = Release|Win32
		{E958D49D-1CA3-48F4-A4D4-44BECD05F521}.Release|Win32.Build.0 = Release|Win32
		{E958D49D-1CA3-48F4-A4D4-44BECD05F521}.Release|x64.ActiveCfg = Release|x64
		{E958D49D-1CA3-48F4-A4D4-44BECD05F521}.Release|x64.Build.0 = Release|x64
		{E958D49D-1CA3-48F4-A4D4-44BECD05F521}.Release|x86.ActiveCfg = Release|Win32
		{E958D49D-1CA3-48F4-A4D4-44BECD05F521}.Release|x86.Build.0 = Release|Win32
		{927A4A8A-BF1C-48A4-99E0-21C7D405830E}.Debug|Mixed Platforms.ActiveCfg = Debug|Win32
		{927A4A8A-BF1C-48A4-99E0-21C7D405830E}.Debug|Mixed Platforms.Build.0 = Debug|Win32
		{927A4A8A-BF1C-48A4-99E0-21C7D405830E}.Debug|Win32.ActiveCfg = Debug|Win32
		{927A4A8A-BF1C-48A4-99E0-21C7D405830E}.Debug|Win32.Build.0 = Debug|Win32
		{927A4A8A-BF1C-48A4-99E0-21C7D405830E}.Debug|x64.ActiveCfg = Debug|x64
		{927A4A8A-BF1C-48A4-99E0-21C7D405830E}.Debug|x64.Build.0 = Debug|x64
		{927A4A8A-BF1C-48A4-99E0-21C7D405830E}.Debug|x86.ActiveCfg = Debug|Win32
		{927A4A8A-BF1C-48A4-99E0-21C7D405830E}.Debug|x86.Build.0 = Debug|Win32
		{927A4A8A-BF1C-48A4-99E0-21C7D405830E}.Release|Mixed Platforms.ActiveCfg = Release|Win32
		{927A4A8A-BF1C-48A4-99E0-21C7D405830E}.Release|Mixed Platforms.Build.0 = Release|Win32
		{927A4A8A-BF1C-48A4-99E0-21C7D405830E}.Release|Win32.ActiveCfg = Release|Win32
		{927A4A8A-BF1C-48A4-99E0-21C7D405830E}.Release|Win32.Build.0 = Release|Win32
		{927A4A8A-BF1C-48A4-99E0-21C7D405830E}.Release|x64.ActiveCfg = Release|x64
		{927A4A8A-BF1C-48A4-99E0-21C7D405830E}.Release|x64.Build.0 = Release|x64
		{927A4A8A-BF1C-48A4-99E0-21C7D405830E}.Release|x86.ActiveCfg = Release|Win32
		{927A4A8A-BF1C-48A4-99E0-21C7D405830E}.Release|x86.Build.0 = Release|Win32
		{CB364583-635C-4153-B73C-CDD6F59530A0}.Debug|Mixed Platforms.ActiveCfg = Debug|Win32
		{CB364583-635C-4153-B73C-CDD6F59530A0}.Debug|Mixed Platforms.Build.0 = Debug|Win32
		{CB364583-635C-4153-B73C-CDD6F59530A0}.Debug|Win32.ActiveCfg = Debug|Win32
		{CB364583-635C-4153-B73C-CDD6F59530A0}.Debug|Win32.Build.0 = Debug|Win32
		{CB364583-635C-4153-B73C-CDD6F59530A0}.Debug|x64.ActiveCfg = Debug|x64
		{CB364583-635C-4153-B73C-CDD6F59530A0}.Debug|x64.Build.0 = Debug|x64
		{CB364583-635C-4153-B73C-CDD6F59530A0}.Debug|x86.ActiveCfg = Debug|Win32
		{CB364583-635C-4153-B73C-CDD6F59530A0}.Debug|x86.Build.0 = Debug|Win32
		{CB364583-635C-4153-B73C-CDD6F59530A0}.Release|Mixed Platforms.ActiveCfg = Release|Win32
		{CB364583-635C-4153-B73C-CDD6F59530A0}.Release|Mixed Platforms.Build.0 = Release|Win32
		{CB364583-635C-4153-B73C-CDD6F59530A0}.Release|Win32.ActiveCfg = Release|Win32
		{CB364583-635C-4153-B73C-CDD6F59530A0}.Release|Win32.Build.0 = Release|Win32
		{CB364583-635C-4153-B73C-CDD6F59530A0}.Release|x64.ActiveCfg = Release|x64
		{CB364583-635C-4153-B73C-CDD6F59530A0}.Release|x64.Build.0 = Release|x64
		{CB364583-635C-4153-B73C-CDD6F59530A0}.Release|x86.ActiveCfg = Release|Win32
		{CB364583-635C-4153-B73C-CDD6F59530A0}.Release|x86.Build.0 = Release|Win32
		{7192CC62-E6BF-4B94-A3FC-1F7F554773B2}.Debug|Mixed Platforms.ActiveCfg = Debug|Win32
		{7192CC62-E6BF-4B94-A3FC-1F7F554773B2}.Debug|Mixed Platforms.Build.0 = Debug|Win32
		{7192CC62-E6BF-4B94-A3FC-1F7F554773B2}.Debug|Win32.ActiveCfg = Debug|Win32
		{7192CC62-E6BF-4B94-A3FC-1F7F554773B2}.Debug|Win32.Build.0 = Debug|Win32
		{7192CC62-E6BF-4B94-A3FC-1F7F554773B2}.Debug|x64.ActiveCfg = Debug|x64
		{7192CC62-E6BF-4B94-A3FC-1F7F554773B2}.Debug|x64.Build.0 = Debug|x64
		{7192CC62-E6BF-4B94-A3FC-1F7F554773B2}.Debug|x86.ActiveCfg = Debug|Win32
		{7192CC62-E6BF-4B94-A3FC-1F7F554773B2}.Debug|x86.Build.0 = Debug|Win32
		{7192CC62-E6BF-4B94-A3FC-1F7F554773B2}.Release|Mixed Platforms.ActiveCfg = Release|Win32
		{7192CC62-E6BF-4B94-A3FC-1F7F554773B2}.Release|Mixed Platforms.Build.0 = Release|Win32
		{7192CC62-E6BF-4B94-A3FC-1F7F554773B2}.Release|Win32.ActiveCfg = Release|Win32
		{7192CC62-E6BF-4B94-A3FC-1F7F554773B2}.Release|Win32.Build.0 = Release|Win32
		{7192CC62-E6BF-4B94-A3FC-1F7F554773B2}.Release|x64.ActiveCfg = Release|x64
		{7192CC62-E6BF-4B94-A3FC-1F7F554773B2}.Release|x64.Build.0 = Release|x64
		{7192CC62-E6BF-4B94-A3FC-1F7F554773B2}.Release|x86.ActiveCfg = Release|Win32
		{7192CC62-E6BF-4B94-A3FC-1F7F554773B2}.Release|x86.Build.0 = Release|Win32
		{BC61C5D4-7FE0-47B3-8624-EEA7A3E9B306}.Debug|Mixed Platforms.ActiveCfg = Debug|Win32
		{BC61C5D4-7FE0-47B3-8624-EEA7A3E9B306}.Debug|Mixed Platforms.Build.0 = Debug|Win32
		{BC61C5D4-7FE0-47B3-8624-EEA7A3E9B306}.Debug|Win32.ActiveCfg = Debug|Win32
		{BC61C5D4-7FE0-47B3-8624-EEA7A3E9B306}.Debug|Win32.Build.0 = Debug|Win32
		{BC61C5D4-7FE0-47B3-8624-EEA7A3E9B306}.Debug|x64.ActiveCfg = Debug|x64
		{BC61C5D4-7FE0-47B3-8624-EEA7A3E9B306}.Debug|x64.Build.0 = Debug|x64
		{BC61C5D4-7FE0-47B3-8624-EEA7A3E9B306}.Debug|x86.ActiveCfg = Debug|Win32
		{BC61C5D4-7FE0-47B3-8624-EEA7A3E9B306}.Debug|x86.Build.0 = Debug|Win32
		{BC61C5D4-7FE0-47B3-8624-EEA7A3E9B306}.Release|Mixed Platforms.ActiveCfg = Release|Win32
		{BC61C5D4-7FE0-47B3-8624-EEA7A3E9B306}.Release|Mixed Platforms.Build.0 = Release|Win32
		{BC61C5D4-7FE0-47B3-8624-EEA7A3E9B306}.Release|Win32.ActiveCfg = Release|Win32
		{BC61C5D4-7FE0-47B3-8624-EEA7A3E9B306}.Release|Win32.Build.0 = Release|Win32
		{BC61C5D4-7FE0-47B3-8624-EEA7A3E9B306}.Release|x64.ActiveCfg = Release|x64
		{BC61C5D4-7FE0-47B3-8624-EEA7A3E9B306}.Release|x64.Build.0 = Release|x64
		{BC61C5D4-7FE0-47B3-8624-EEA7A3E9B306}.Release|x86.ActiveCfg = Release|Win32
		{BC61C5D4-7FE0-47B3-8624-EEA7A3E9B306}.Release|x86.Build.0 = Release|Win32
		{28763357-EBF1-4C03-AA51-57191EACD04D}.Debug|Mixed Platforms.ActiveCfg = Debug|Win32
		{28763357-EBF1-4C03-AA51-57191EACD04D}.Debug|Mixed Platforms.Build.0 = Debug|Win32
		{28763357-EBF1-4C03-AA51-57191EACD04D}.Debug|Win32.ActiveCfg = Debug|Win32
		{28763357-EBF1-4C03-AA51-57191EACD04D}.Debug|Win32.Build.0 = Debug|Win32
		{28763357-EBF1-4C03-AA51-57191EACD04D}.Debug|x64.ActiveCfg = Debug|Win32
		{28763357-EBF1-4C03-AA51-57191EACD04D}.Debug|x86.ActiveCfg = Debug|Win32
		{28763357-EBF1-4C03-AA51-57191EACD04D}.Debug|x86.Build.0 = Debug|Win32
		{28763357-EBF1-4C03-AA51-57191EACD04D}.Release|Mixed Platforms.ActiveCfg = Release|Win32
		{28763357-EBF1-4C03-AA51-57191EACD04D}.Release|Mixed Platforms.Build.0 = Release|Win32
		{28763357-EBF1-4C03-AA51-57191EACD04D}.Release|Win32.ActiveCfg = Release|Win32
		{28763357-EBF1-4C03-AA51-57191EACD04D}.Release|Win32.Build.0 = Release|Win32
		{28763357-EBF1-4C03-AA51-57191EACD04D}.Release|x64.ActiveCfg = Release|Win32
		{28763357-EBF1-4C03-AA51-57191EACD04D}.Release|x86.ActiveCfg = Release|Win32
		{28763357-EBF1-4C03-AA51-57191EACD04D}.Release|x86.Build.0 = Release|Win32
		{AC29545F-5741-470C-9D33-6AEDDABA1F94}.Debug|Mixed Platforms.ActiveCfg = Debug|Win32
		{AC29545F-5741-470C-9D33-6AEDDABA1F94}.Debug|Mixed Platforms.Build.0 = Debug|Win32
		{AC29545F-5741-470C-9D33-6AEDDABA1F94}.Debug|Win32.ActiveCfg = Debug|Win32
		{AC29545F-5741-470C-9D33-6AEDDABA1F94}.Debug|Win32.Build.0 = Debug|Win32
		{AC29545F-5741-470C-9D33-6AEDDABA1F94}.Debug|x64.ActiveCfg = Debug|Win32
		{AC29545F-5741-470C-9D33-6AEDDABA1F94}.Debug|x86.ActiveCfg = Debug|Win32
		{AC29545F-5741-470C-9D33-6AEDDABA1F94}.Debug|x86.Build.0 = Debug|Win32
		{AC29545F-5741-470C-9D33-6AEDDABA1F94}.Release|Mixed Platforms.ActiveCfg = Release|Win32
		{AC29545F-5741-470C-9D33-6AEDDABA1F94}.Release|Mixed Platforms.Build.0 = Release|Win32
		{AC29545F-5741-470C-9D33-6AEDDABA1F94}.Release|Win32.ActiveCfg = Release|Win32
		{AC29545F-5741-470C-9D33-6AEDDABA1F94}.Release|Win32.Build.0 = Release|Win32
		{AC29545F-5741-470C-9D33-6AEDDABA1F94}.Release|x64.ActiveCfg = Release|Win32
		{AC29545F-5741-470C-9D33-6AEDDABA1F94}.Release|x86.ActiveCfg = Release|Win32
		{AC29545F-5741-470C-9D33-6AEDDABA1F94}.Release|x86.Build.0 = Release|Win32
		{CE49FF08-CBA6-48F0-B5A8-6E0EC602D9D8}.Debug|Mixed Platforms.ActiveCfg = Debug|Win32
		{CE49FF08-CBA6-48F0-B5A8-6E0EC602D9D8}.Debug|Mixed Platforms.Build.0 = Debug|Win32
		{CE49FF08-CBA6-48F0-B5A8-6E0EC602D9D8}.Debug|Win32.ActiveCfg = Debug|Win32
		{CE49FF08-CBA6-48F0-B5A8-6E0EC602D9D8}.Debug|Win32.Build.0 = Debug|Win32
		{CE49FF08-CBA6-48F0-B5A8-6E0EC602D9D8}.Debug|x64.ActiveCfg = Debug|Win32
		{CE49FF08-CBA6-48F0-B5A8-6E0EC602D9D8}.Debug|x86.ActiveCfg = Debug|Win32
		{CE49FF08-CBA6-48F0-B5A8-6E0EC602D9D8}.Debug|x86.Build.0 = Debug|Win32
		{CE49FF08-CBA6-48F0-B5A8-6E0EC602D9D8}.Release|Mixed Platforms.ActiveCfg = Release|Win32
		{CE49FF08-CBA6-48F0-B5A8-6E0EC602D9D8}.Release|Mixed Platforms.Build.0 = Release|Win32
		{CE49FF08-CBA6-48F0-B5A8-6E0EC602D9D8}.Release|Win32.ActiveCfg = Release|Win32
		{CE49FF08-CBA6-48F0-B5A8-6E0EC602D9D8}.Release|Win32.Build.0 = Release|Win32
		{CE49FF08-CBA6-48F0-B5A8-6E0EC602D9D8}.Release|x64.ActiveCfg = Release|Win32
		{CE49FF08-CBA6-48F0-B5A8-6E0EC602D9D8}.Release|x86.ActiveCfg = Release|Win32
		{CE49FF08-CBA6-48F0-B5A8-6E0EC602D9D8}.Release|x86.Build.0 = Release|Win32
		{66146F55-2852-4F62-A86B-5E67371E13C0}.Debug|Mixed Platforms.ActiveCfg = Debug|Win32
		{66146F55-2852-4F62-A86B-5E67371E13C0}.Debug|Mixed Platforms.Build.0 = Debug|Win32
		{66146F55-2852-4F62-A86B-5E67371E13C0}.Debug|Win32.ActiveCfg = Debug|Win32
		{66146F55-2852-4F62-A86B-5E67371E13C0}.Debug|Win32.Build.0 = Debug|Win32
		{66146F55-2852-4F62-A86B-5E67371E13C0}.Debug|x64.ActiveCfg = Debug|Win32
		{66146F55-2852-4F62-A86B-5E67371E13C0}.Debug|x86.ActiveCfg = Debug|Win32
		{66146F55-2852-4F62-A86B-5E67371E13C0}.Debug|x86.Build.0 = Debug|Win32
		{66146F55-2852-4F62-A86B-5E67371E13C0}.Release|Mixed Platforms.ActiveCfg = Release|Win32
		{66146F55-2852-4F62-A86B-5E67371E13C0}.Release|Mixed Platforms.Build.0 = Release|Win32
		{66146F55-2852-4F62-A86B-5E67371E13C0}.Release|Win32.ActiveCfg = Release|Win32
		{66146F55-2852-4F62-A86B-5E67371E13C0}.Release|Win32.Build.0 = Release|Win32
		{66146F55-2852-4F62-A86B-5E67371E13C0}.Release|x64.ActiveCfg = Release|Win32
		{66146F55-2852-4F62-A86B-5E67371E13C0}.Release|x86.ActiveCfg = Release|Win32
		{66146F55-2852-4F62-A86B-5E67371E13C0}.Release|x86.Build.0 = Release|Win32
		{A01EC6A8-AC41-4B42-888C-D90CB846D9F0}.Debug|Mixed Platforms.ActiveCfg = Debug|Win32
		{A01EC6A8-AC41-4B42-888C-D90CB846D9F0}.Debug|Mixed Platforms.Build.0 = Debug|Win32
		{A01EC6A8-AC41-4B42-888C-D90CB846D9F0}.Debug|Win32.ActiveCfg = Debug|Win32
		{A01EC6A8-AC41-4B42-888C-D90CB846D9F0}.Debug|Win32.Build.0 = Debug|Win32
		{A01EC6A8-AC41-4B42-888C-D90CB846D9F0}.Debug|x64.ActiveCfg = Debug|Win32
		{A01EC6A8-AC41-4B42-888C-D90CB846D9F0}.Debug|x86.ActiveCfg = Debug|Win32
		{A01EC6A8-AC41-4B42-888C-D90CB846D9F0}.Debug|x86.Build.0 = Debug|Win32
		{A01EC6A8-AC41-4B42-888C-D90CB846D9F0}.Release|Mixed Platforms.ActiveCfg = Release|Win32
		{A01EC6A8-AC41-4B42-888C-D90CB846D9F0}.Release|Mixed Platforms.Build.0 = Release|Win32
		{A01EC6A8-AC41-4B42-888C-D90CB846D9F0}.Release|Win32.ActiveCfg = Release|Win32
		{A01EC6A8-AC41-4B42-888C-D90CB846D9F0}.Release|Win32.Build.0 = Release|Win32
		{A01EC6A8-AC41-4B42-888C-D90CB846D9F0}.Release|x64.ActiveCfg = Release|Win32
		{A01EC6A8-AC41-4B42-888C-D90CB846D9F0}.Release|x86.ActiveCfg = Release|Win32
		{A01EC6A8-AC41-4B42-888C-D90CB846D9F0}.Release|x86.Build.0 = Release|Win32
	EndGlobalSection
	GlobalSection(SolutionProperties) = preSolution
		HideSolutionNode = FALSE
	EndGlobalSection
EndGlobal
